{
  "name": "convenient-life",
  "version": "1.0.0",
  "lockfileVersion": 1,
  "requires": true,
  "dependencies": {
    "moment": {
      "version": "2.29.4",
      "resolved": "https://registry.npmjs.org/moment/-/moment-2.29.4.tgz",
      "integrity": "sha512-5LC9SOxjSc2HF6vO2CyuTDNivEdoz2IvyJJGj6X8DJ0eFyfszE0QiEd+iXmBvUP3WHxSjFH/vIsA0EN00cgr8w=="
    },
    "moon-time": {
      "version": "1.0.8",
      "resolved": "https://registry.npmjs.org/moon-time/-/moon-time-1.0.8.tgz",
      "integrity": "sha512-JB+YBUs+WThS1nwz58KZfS9aMs8GOwzuyLIf9rTrUJoLdJ+n1fLj4R7a/fVfKHqOmZEcgNfYaN/OP8A6WFlLJg=="
    },
    "uni-ajax": {
      "version": "2.4.6",
      "resolved": "https://registry.npmjs.org/uni-ajax/-/uni-ajax-2.4.6.tgz",
      "integrity": "sha512-PHI672Az53LIdQRq6gzExw2EjtDrA/JtVxxqf73TaKK1XHlXYlr2sNE7c0UinNbdzcsrmJtYL/gWI/87Tf3fTw=="
    }
  }
}
